
Microsoft Visual Studio Solution File, Format Version 12.00
# Visual Studio Version 17
VisualStudioVersion = 17.3.32901.215
MinimumVisualStudioVersion = 10.0.40219.1
Project("{9A19103F-16F7-4668-BE54-9A1E7A4F7556}") = "ScaffoldHandler", "ScaffoldHandler\ScaffoldHandler.csproj", "{7BEC0FD3-F78E-4916-A681-ECFCEAD2F9EF}"
EndProject
Project("{FAE04EC0-301F-11D3-BF4B-00C04F79EFBC}") = "Shared", "Shared\Shared.csproj", "{9FA0043C-0280-4E3E-A6C5-AFA9838FF70A}"
EndProject
Project("{2150E333-8FDC-42A3-9474-1A3956D46DE8}") = "Readme", "Readme", "{A2013D08-A0FA-4AF2-9061-350E145BF0FA}"
	ProjectSection(SolutionItems) = preProject
		readme.md = readme.md
	EndProjectSection
EndProject
Global
	GlobalSection(SolutionConfigurationPlatforms) = preSolution
		Debug|Any CPU = Debug|Any CPU
		Release|Any CPU = Release|Any CPU
	EndGlobalSection
	GlobalSection(ProjectConfigurationPlatforms) = postSolution
		{7BEC0FD3-F78E-4916-A681-ECFCEAD2F9EF}.Debug|Any CPU.ActiveCfg = Debug|Any CPU
		{7BEC0FD3-F78E-4916-A681-ECFCEAD2F9EF}.Debug|Any CPU.Build.0 = Debug|Any CPU
		{7BEC0FD3-F78E-4916-A681-ECFCEAD2F9EF}.Release|Any CPU.ActiveCfg = Release|Any CPU
		{7BEC0FD3-F78E-4916-A681-ECFCEAD2F9EF}.Release|Any CPU.Build.0 = Release|Any CPU
		{9FA0043C-0280-4E3E-A6C5-AFA9838FF70A}.Debug|Any CPU.ActiveCfg = Debug|Any CPU
		{9FA0043C-0280-4E3E-A6C5-AFA9838FF70A}.Debug|Any CPU.Build.0 = Debug|Any CPU
		{9FA0043C-0280-4E3E-A6C5-AFA9838FF70A}.Release|Any CPU.ActiveCfg = Release|Any CPU
		{9FA0043C-0280-4E3E-A6C5-AFA9838FF70A}.Release|Any CPU.Build.0 = Release|Any CPU
	EndGlobalSection
	GlobalSection(SolutionProperties) = preSolution
		HideSolutionNode = FALSE
	EndGlobalSection
	GlobalSection(ExtensibilityGlobals) = postSolution
		SolutionGuid = {6DF91818-1FC8-454E-A0BF-21FB557918CD}
	EndGlobalSection
EndGlobal
